
Microsoft Visual Studio Solution File, Format Version 12.00
# Visual Studio Version 16
VisualStudioVersion = 16.0.29613.14
MinimumVisualStudioVersion = 10.0.40219.1
Project("{FAE04EC0-301F-11D3-BF4B-00C04F79EFBC}") = "Chapter 5 (Video 46) - Enhanced If Statements", "Chapter 5 (Video 46) - Enhanced If Statements\Chapter 5 (Video 46) - Enhanced If Statements.csproj", "{20EC057D-0871-4D18-B3C3-AF0277C55743}"
EndProject
Global
	GlobalSection(SolutionConfigurationPlatforms) = preSolution
		Debug|Any CPU = Debug|Any CPU
		Release|Any CPU = Release|Any CPU
	EndGlobalSection
	GlobalSection(ProjectConfigurationPlatforms) = postSolution
		{20EC057D-0871-4D18-B3C3-AF0277C55743}.Debug|Any CPU.ActiveCfg = Debug|Any CPU
		{20EC057D-0871-4D18-B3C3-AF0277C55743}.Debug|Any CPU.Build.0 = Debug|Any CPU
		{20EC057D-0871-4D18-B3C3-AF0277C55743}.Release|Any CPU.ActiveCfg = Release|Any CPU
		{20EC057D-0871-4D18-B3C3-AF0277C55743}.Release|Any CPU.Build.0 = Release|Any CPU
	EndGlobalSection
	GlobalSection(SolutionProperties) = preSolution
		HideSolutionNode = FALSE
	EndGlobalSection
	GlobalSection(ExtensibilityGlobals) = postSolution
		SolutionGuid = {16AA7404-5B92-4578-B12F-C3EC08C0D76D}
	EndGlobalSection
EndGlobal
